// !$*UTF8*$!
{
	archiveVersion = 1;
	classes = {
	};
	objectVersion = 55;
	objects = {

/* Begin PBXBuildFile section */
		90960E6A2814D64100538202 /* CrowdFundingProductPageApp.swift in Sources */ = {isa = PBXBuildFile; fileRef = 90960E5A2814D63F00538202 /* CrowdFundingProductPageApp.swift */; };
		90960E6B2814D64100538202 /* CrowdFundingProductPageApp.swift in Sources */ = {isa = PBXBuildFile; fileRef = 90960E5A2814D63F00538202 /* CrowdFundingProductPageApp.swift */; };
		90960E6C2814D64100538202 /* ContentView.swift in Sources */ = {isa = PBXBuildFile; fileRef = 90960E5B2814D63F00538202 /* ContentView.swift */; };
		90960E6D2814D64100538202 /* ContentView.swift in Sources */ = {isa = PBXBuildFile; fileRef = 90960E5B2814D63F00538202 /* ContentView.swift */; };
		90960E6E2814D64100538202 /* Assets.xcassets in Resources */ = {isa = PBXBuildFile; fileRef = 90960E5C2814D64100538202 /* Assets.xcassets */; };
		90960E6F2814D64100538202 /* Assets.xcassets in Resources */ = {isa = PBXBuildFile; fileRef = 90960E5C2814D64100538202 /* Assets.xcassets */; };
		90960E7C2814D8CE00538202 /* HeaderView.swift in Sources */ = {isa = PBXBuildFile; fileRef = 90960E7B2814D8CE00538202 /* HeaderView.swift */; };
		90960E7E2814D91300538202 /* TopNavigationView.swift in Sources */ = {isa = PBXBuildFile; fileRef = 90960E7D2814D91300538202 /* TopNavigationView.swift */; };
		90960E802814D93100538202 /* HeaderBackgroundView.swift in Sources */ = {isa = PBXBuildFile; fileRef = 90960E7F2814D93100538202 /* HeaderBackgroundView.swift */; };
		90960E822814DD2900538202 /* TitleView.swift in Sources */ = {isa = PBXBuildFile; fileRef = 90960E812814DD2900538202 /* TitleView.swift */; };
		90960E842814FBD600538202 /* StatusView.swift in Sources */ = {isa = PBXBuildFile; fileRef = 90960E832814FBD600538202 /* StatusView.swift */; };
		90960E862814FBF800538202 /* StatusItemView.swift in Sources */ = {isa = PBXBuildFile; fileRef = 90960E852814FBF800538202 /* StatusItemView.swift */; };
		90960E882814FD9200538202 /* ProgressBarView.swift in Sources */ = {isa = PBXBuildFile; fileRef = 90960E872814FD9200538202 /* ProgressBarView.swift */; };
		90960E8A2814FF3400538202 /* AboutView.swift in Sources */ = {isa = PBXBuildFile; fileRef = 90960E892814FF3400538202 /* AboutView.swift */; };
		90960E8C2814FF5A00538202 /* AboutDetailView.swift in Sources */ = {isa = PBXBuildFile; fileRef = 90960E8B2814FF5A00538202 /* AboutDetailView.swift */; };
		90960E8E281500ED00538202 /* AboutItemView.swift in Sources */ = {isa = PBXBuildFile; fileRef = 90960E8D281500ED00538202 /* AboutItemView.swift */; };
		90960E902816390200538202 /* GlobalState.swift in Sources */ = {isa = PBXBuildFile; fileRef = 90960E8F2816390200538202 /* GlobalState.swift */; };
		90960E92281639AD00538202 /* MenuView.swift in Sources */ = {isa = PBXBuildFile; fileRef = 90960E91281639AD00538202 /* MenuView.swift */; };
		90960E94281639D600538202 /* MenuItemView.swift in Sources */ = {isa = PBXBuildFile; fileRef = 90960E93281639D600538202 /* MenuItemView.swift */; };
		90960E9628163ADF00538202 /* MenuItemDividerView.swift in Sources */ = {isa = PBXBuildFile; fileRef = 90960E9528163ADF00538202 /* MenuItemDividerView.swift */; };
		90960E9828163B5700538202 /* MenuBackgroundView.swift in Sources */ = {isa = PBXBuildFile; fileRef = 90960E9728163B5700538202 /* MenuBackgroundView.swift */; };
		90960E9A281650AE00538202 /* ThankYouView.swift in Sources */ = {isa = PBXBuildFile; fileRef = 90960E99281650AE00538202 /* ThankYouView.swift */; };
/* End PBXBuildFile section */

/* Begin PBXFileReference section */
		90960E5A2814D63F00538202 /* CrowdFundingProductPageApp.swift */ = {isa = PBXFileReference; lastKnownFileType = sourcecode.swift; path = CrowdFundingProductPageApp.swift; sourceTree = "<group>"; };
		90960E5B2814D63F00538202 /* ContentView.swift */ = {isa = PBXFileReference; lastKnownFileType = sourcecode.swift; path = ContentView.swift; sourceTree = "<group>"; };
		90960E5C2814D64100538202 /* Assets.xcassets */ = {isa = PBXFileReference; lastKnownFileType = folder.assetcatalog; path = Assets.xcassets; sourceTree = "<group>"; };
		90960E612814D64100538202 /* Crowd Funding Product Page.app */ = {isa = PBXFileReference; explicitFileType = wrapper.application; includeInIndex = 0; path = "Crowd Funding Product Page.app"; sourceTree = BUILT_PRODUCTS_DIR; };
		90960E672814D64100538202 /* Crowd Funding Product Page.app */ = {isa = PBXFileReference; explicitFileType = wrapper.application; includeInIndex = 0; path = "Crowd Funding Product Page.app"; sourceTree = BUILT_PRODUCTS_DIR; };
		90960E692814D64100538202 /* macOS.entitlements */ = {isa = PBXFileReference; lastKnownFileType = text.plist.entitlements; path = macOS.entitlements; sourceTree = "<group>"; };
		90960E7B2814D8CE00538202 /* HeaderView.swift */ = {isa = PBXFileReference; lastKnownFileType = sourcecode.swift; path = HeaderView.swift; sourceTree = "<group>"; };
		90960E7D2814D91300538202 /* TopNavigationView.swift */ = {isa = PBXFileReference; lastKnownFileType = sourcecode.swift; path = TopNavigationView.swift; sourceTree = "<group>"; };
		90960E7F2814D93100538202 /* HeaderBackgroundView.swift */ = {isa = PBXFileReference; lastKnownFileType = sourcecode.swift; path = HeaderBackgroundView.swift; sourceTree = "<group>"; };
		90960E812814DD2900538202 /* TitleView.swift */ = {isa = PBXFileReference; lastKnownFileType = sourcecode.swift; path = TitleView.swift; sourceTree = "<group>"; };
		90960E832814FBD600538202 /* StatusView.swift */ = {isa = PBXFileReference; lastKnownFileType = sourcecode.swift; path = StatusView.swift; sourceTree = "<group>"; };
		90960E852814FBF800538202 /* StatusItemView.swift */ = {isa = PBXFileReference; lastKnownFileType = sourcecode.swift; path = StatusItemView.swift; sourceTree = "<group>"; };
		90960E872814FD9200538202 /* ProgressBarView.swift */ = {isa = PBXFileReference; lastKnownFileType = sourcecode.swift; path = ProgressBarView.swift; sourceTree = "<group>"; };
		90960E892814FF3400538202 /* AboutView.swift */ = {isa = PBXFileReference; lastKnownFileType = sourcecode.swift; path = AboutView.swift; sourceTree = "<group>"; };
		90960E8B2814FF5A00538202 /* AboutDetailView.swift */ = {isa = PBXFileReference; lastKnownFileType = sourcecode.swift; path = AboutDetailView.swift; sourceTree = "<group>"; };
		90960E8D281500ED00538202 /* AboutItemView.swift */ = {isa = PBXFileReference; lastKnownFileType = sourcecode.swift; path = AboutItemView.swift; sourceTree = "<group>"; };
		90960E8F2816390200538202 /* GlobalState.swift */ = {isa = PBXFileReference; lastKnownFileType = sourcecode.swift; path = GlobalState.swift; sourceTree = "<group>"; };
		90960E91281639AD00538202 /* MenuView.swift */ = {isa = PBXFileReference; lastKnownFileType = sourcecode.swift; path = MenuView.swift; sourceTree = "<group>"; };
		90960E93281639D600538202 /* MenuItemView.swift */ = {isa = PBXFileReference; lastKnownFileType = sourcecode.swift; path = MenuItemView.swift; sourceTree = "<group>"; };
		90960E9528163ADF00538202 /* MenuItemDividerView.swift */ = {isa = PBXFileReference; lastKnownFileType = sourcecode.swift; path = MenuItemDividerView.swift; sourceTree = "<group>"; };
		90960E9728163B5700538202 /* MenuBackgroundView.swift */ = {isa = PBXFileReference; lastKnownFileType = sourcecode.swift; path = MenuBackgroundView.swift; sourceTree = "<group>"; };
		90960E99281650AE00538202 /* ThankYouView.swift */ = {isa = PBXFileReference; lastKnownFileType = sourcecode.swift; path = ThankYouView.swift; sourceTree = "<group>"; };
/* End PBXFileReference section */

/* Begin PBXFrameworksBuildPhase section */
		90960E5E2814D64100538202 /* Frameworks */ = {
			isa = PBXFrameworksBuildPhase;
			buildActionMask = 2147483647;
			files = (
			);
			runOnlyForDeploymentPostprocessing = 0;
		};
		90960E642814D64100538202 /* Frameworks */ = {
			isa = PBXFrameworksBuildPhase;
			buildActionMask = 2147483647;
			files = (
			);
			runOnlyForDeploymentPostprocessing = 0;
		};
/* End PBXFrameworksBuildPhase section */

/* Begin PBXGroup section */
		90960E542814D63F00538202 = {
			isa = PBXGroup;
			children = (
				90960E592814D63F00538202 /* Shared */,
				90960E682814D64100538202 /* macOS */,
				90960E622814D64100538202 /* Products */,
			);
			sourceTree = "<group>";
		};
		90960E592814D63F00538202 /* Shared */ = {
			isa = PBXGroup;
			children = (
				90960E7A2814D66B00538202 /* Models */,
				90960E792814D66500538202 /* Views */,
				90960E782814D65C00538202 /* App */,
			);
			path = Shared;
			sourceTree = "<group>";
		};
		90960E622814D64100538202 /* Products */ = {
			isa = PBXGroup;
			children = (
				90960E612814D64100538202 /* Crowd Funding Product Page.app */,
				90960E672814D64100538202 /* Crowd Funding Product Page.app */,
			);
			name = Products;
			sourceTree = "<group>";
		};
		90960E682814D64100538202 /* macOS */ = {
			isa = PBXGroup;
			children = (
				90960E692814D64100538202 /* macOS.entitlements */,
			);
			path = macOS;
			sourceTree = "<group>";
		};
		90960E782814D65C00538202 /* App */ = {
			isa = PBXGroup;
			children = (
				90960E5C2814D64100538202 /* Assets.xcassets */,
				90960E5A2814D63F00538202 /* CrowdFundingProductPageApp.swift */,
			);
			path = App;
			sourceTree = "<group>";
		};
		90960E792814D66500538202 /* Views */ = {
			isa = PBXGroup;
			children = (
				90960E5B2814D63F00538202 /* ContentView.swift */,
				90960E7B2814D8CE00538202 /* HeaderView.swift */,
				90960E7D2814D91300538202 /* TopNavigationView.swift */,
				90960E7F2814D93100538202 /* HeaderBackgroundView.swift */,
				90960E812814DD2900538202 /* TitleView.swift */,
				90960E832814FBD600538202 /* StatusView.swift */,
				90960E852814FBF800538202 /* StatusItemView.swift */,
				90960E872814FD9200538202 /* ProgressBarView.swift */,
				90960E892814FF3400538202 /* AboutView.swift */,
				90960E8B2814FF5A00538202 /* AboutDetailView.swift */,
				90960E8D281500ED00538202 /* AboutItemView.swift */,
				90960E91281639AD00538202 /* MenuView.swift */,
				90960E93281639D600538202 /* MenuItemView.swift */,
				90960E9528163ADF00538202 /* MenuItemDividerView.swift */,
				90960E9728163B5700538202 /* MenuBackgroundView.swift */,
				90960E99281650AE00538202 /* ThankYouView.swift */,
			);
			path = Views;
			sourceTree = "<group>";
		};
		90960E7A2814D66B00538202 /* Models */ = {
			isa = PBXGroup;
			children = (
				90960E8F2816390200538202 /* GlobalState.swift */,
			);
			path = Models;
			sourceTree = "<group>";
		};
/* End PBXGroup section */

/* Begin PBXNativeTarget section */
		90960E602814D64100538202 /* Crowd Funding Product Page (iOS) */ = {
			isa = PBXNativeTarget;
			buildConfigurationList = 90960E722814D64100538202 /* Build configuration list for PBXNativeTarget "Crowd Funding Product Page (iOS)" */;
			buildPhases = (
				90960E5D2814D64100538202 /* Sources */,
				90960E5E2814D64100538202 /* Frameworks */,
				90960E5F2814D64100538202 /* Resources */,
			);
			buildRules = (
			);
			dependencies = (
			);
			name = "Crowd Funding Product Page (iOS)";
			productName = "CrowdFundingProductPage (iOS)";
			productReference = 90960E612814D64100538202 /* Crowd Funding Product Page.app */;
			productType = "com.apple.product-type.application";
		};
		90960E662814D64100538202 /* Crowd Funding Product Page (macOS) */ = {
			isa = PBXNativeTarget;
			buildConfigurationList = 90960E752814D64100538202 /* Build configuration list for PBXNativeTarget "Crowd Funding Product Page (macOS)" */;
			buildPhases = (
				90960E632814D64100538202 /* Sources */,
				90960E642814D64100538202 /* Frameworks */,
				90960E652814D64100538202 /* Resources */,
			);
			buildRules = (
			);
			dependencies = (
			);
			name = "Crowd Funding Product Page (macOS)";
			productName = "CrowdFundingProductPage (macOS)";
			productReference = 90960E672814D64100538202 /* Crowd Funding Product Page.app */;
			productType = "com.apple.product-type.application";
		};
/* End PBXNativeTarget section */

/* Begin PBXProject section */
		90960E552814D63F00538202 /* Project object */ = {
			isa = PBXProject;
			attributes = {
				BuildIndependentTargetsInParallel = 1;
				LastSwiftUpdateCheck = 1330;
				LastUpgradeCheck = 1330;
				TargetAttributes = {
					90960E602814D64100538202 = {
						CreatedOnToolsVersion = 13.3.1;
					};
					90960E662814D64100538202 = {
						CreatedOnToolsVersion = 13.3.1;
					};
				};
			};
			buildConfigurationList = 90960E582814D63F00538202 /* Build configuration list for PBXProject "Crowd Funding Product Page" */;
			compatibilityVersion = "Xcode 13.0";
			developmentRegion = en;
			hasScannedForEncodings = 0;
			knownRegions = (
				en,
				Base,
			);
			mainGroup = 90960E542814D63F00538202;
			productRefGroup = 90960E622814D64100538202 /* Products */;
			projectDirPath = "";
			projectRoot = "";
			targets = (
				90960E602814D64100538202 /* Crowd Funding Product Page (iOS) */,
				90960E662814D64100538202 /* Crowd Funding Product Page (macOS) */,
			);
		};
/* End PBXProject section */

/* Begin PBXResourcesBuildPhase section */
		90960E5F2814D64100538202 /* Resources */ = {
			isa = PBXResourcesBuildPhase;
			buildActionMask = 2147483647;
			files = (
				90960E6E2814D64100538202 /* Assets.xcassets in Resources */,
			);
			runOnlyForDeploymentPostprocessing = 0;
		};
		90960E652814D64100538202 /* Resources */ = {
			isa = PBXResourcesBuildPhase;
			buildActionMask = 2147483647;
			files = (
				90960E6F2814D64100538202 /* Assets.xcassets in Resources */,
			);
			runOnlyForDeploymentPostprocessing = 0;
		};
/* End PBXResourcesBuildPhase section */

/* Begin PBXSourcesBuildPhase section */
		90960E5D2814D64100538202 /* Sources */ = {
			isa = PBXSourcesBuildPhase;
			buildActionMask = 2147483647;
			files = (
				90960E802814D93100538202 /* HeaderBackgroundView.swift in Sources */,
				90960E882814FD9200538202 /* ProgressBarView.swift in Sources */,
				90960E7E2814D91300538202 /* TopNavigationView.swift in Sources */,
				90960E6C2814D64100538202 /* ContentView.swift in Sources */,
				90960E94281639D600538202 /* MenuItemView.swift in Sources */,
				90960E8A2814FF3400538202 /* AboutView.swift in Sources */,
				90960E9828163B5700538202 /* MenuBackgroundView.swift in Sources */,
				90960E902816390200538202 /* GlobalState.swift in Sources */,
				90960E7C2814D8CE00538202 /* HeaderView.swift in Sources */,
				90960E92281639AD00538202 /* MenuView.swift in Sources */,
				90960E842814FBD600538202 /* StatusView.swift in Sources */,
				90960E9628163ADF00538202 /* MenuItemDividerView.swift in Sources */,
				90960E8E281500ED00538202 /* AboutItemView.swift in Sources */,
				90960E8C2814FF5A00538202 /* AboutDetailView.swift in Sources */,
				90960E862814FBF800538202 /* StatusItemView.swift in Sources */,
				90960E6A2814D64100538202 /* CrowdFundingProductPageApp.swift in Sources */,
				90960E822814DD2900538202 /* TitleView.swift in Sources */,
				90960E9A281650AE00538202 /* ThankYouView.swift in Sources */,
			);
			runOnlyForDeploymentPostprocessing = 0;
		};
		90960E632814D64100538202 /* Sources */ = {
			isa = PBXSourcesBuildPhase;
			buildActionMask = 2147483647;
			files = (
				90960E6D2814D64100538202 /* ContentView.swift in Sources */,
				90960E6B2814D64100538202 /* CrowdFundingProductPageApp.swift in Sources */,
			);
			runOnlyForDeploymentPostprocessing = 0;
		};
/* End PBXSourcesBuildPhase section */

/* Begin XCBuildConfiguration section */
		90960E702814D64100538202 /* Debug */ = {
			isa = XCBuildConfiguration;
			buildSettings = {
				ALWAYS_SEARCH_USER_PATHS = NO;
				CLANG_ANALYZER_NONNULL = YES;
				CLANG_ANALYZER_NUMBER_OBJECT_CONVERSION = YES_AGGRESSIVE;
				CLANG_CXX_LANGUAGE_STANDARD = "gnu++17";
				CLANG_ENABLE_MODULES = YES;
				CLANG_ENABLE_OBJC_ARC = YES;
				CLANG_ENABLE_OBJC_WEAK = YES;
				CLANG_WARN_BLOCK_CAPTURE_AUTORELEASING = YES;
				CLANG_WARN_BOOL_CONVERSION = YES;
				CLANG_WARN_COMMA = YES;
				CLANG_WARN_CONSTANT_CONVERSION = YES;
				CLANG_WARN_DEPRECATED_OBJC_IMPLEMENTATIONS = YES;
				CLANG_WARN_DIRECT_OBJC_ISA_USAGE = YES_ERROR;
				CLANG_WARN_DOCUMENTATION_COMMENTS = YES;
				CLANG_WARN_EMPTY_BODY = YES;
				CLANG_WARN_ENUM_CONVERSION = YES;
				CLANG_WARN_INFINITE_RECURSION = YES;
				CLANG_WARN_INT_CONVERSION = YES;
				CLANG_WARN_NON_LITERAL_NULL_CONVERSION = YES;
				CLANG_WARN_OBJC_IMPLICIT_RETAIN_SELF = YES;
				CLANG_WARN_OBJC_LITERAL_CONVERSION = YES;
				CLANG_WARN_OBJC_ROOT_CLASS = YES_ERROR;
				CLANG_WARN_QUOTED_INCLUDE_IN_FRAMEWORK_HEADER = YES;
				CLANG_WARN_RANGE_LOOP_ANALYSIS = YES;
				CLANG_WARN_STRICT_PROTOTYPES = YES;
				CLANG_WARN_SUSPICIOUS_MOVE = YES;
				CLANG_WARN_UNGUARDED_AVAILABILITY = YES_AGGRESSIVE;
				CLANG_WARN_UNREACHABLE_CODE = YES;
				CLANG_WARN__DUPLICATE_METHOD_MATCH = YES;
				COPY_PHASE_STRIP = NO;
				DEBUG_INFORMATION_FORMAT = dwarf;
				ENABLE_STRICT_OBJC_MSGSEND = YES;
				ENABLE_TESTABILITY = YES;
				GCC_C_LANGUAGE_STANDARD = gnu11;
				GCC_DYNAMIC_NO_PIC = NO;
				GCC_NO_COMMON_BLOCKS = YES;
				GCC_OPTIMIZATION_LEVEL = 0;
				GCC_PREPROCESSOR_DEFINITIONS = (
					"DEBUG=1",
					"$(inherited)",
				);
				GCC_WARN_64_TO_32_BIT_CONVERSION = YES;
				GCC_WARN_ABOUT_RETURN_TYPE = YES_ERROR;
				GCC_WARN_UNDECLARED_SELECTOR = YES;
				GCC_WARN_UNINITIALIZED_AUTOS = YES_AGGRESSIVE;
				GCC_WARN_UNUSED_FUNCTION = YES;
				GCC_WARN_UNUSED_VARIABLE = YES;
				IPHONEOS_DEPLOYMENT_TARGET = 15.4;
				MACOSX_DEPLOYMENT_TARGET = 12.3;
				MTL_ENABLE_DEBUG_INFO = INCLUDE_SOURCE;
				MTL_FAST_MATH = YES;
				ONLY_ACTIVE_ARCH = YES;
				SWIFT_ACTIVE_COMPILATION_CONDITIONS = DEBUG;
				SWIFT_OPTIMIZATION_LEVEL = "-Onone";
			};
			name = Debug;
		};
		90960E712814D64100538202 /* Release */ = {
			isa = XCBuildConfiguration;
			buildSettings = {
				ALWAYS_SEARCH_USER_PATHS = NO;
				CLANG_ANALYZER_NONNULL = YES;
				CLANG_ANALYZER_NUMBER_OBJECT_CONVERSION = YES_AGGRESSIVE;
				CLANG_CXX_LANGUAGE_STANDARD = "gnu++17";
				CLANG_ENABLE_MODULES = YES;
				CLANG_ENABLE_OBJC_ARC = YES;
				CLANG_ENABLE_OBJC_WEAK = YES;
				CLANG_WARN_BLOCK_CAPTURE_AUTORELEASING = YES;
				CLANG_WARN_BOOL_CONVERSION = YES;
				CLANG_WARN_COMMA = YES;
				CLANG_WARN_CONSTANT_CONVERSION = YES;
				CLANG_WARN_DEPRECATED_OBJC_IMPLEMENTATIONS = YES;
				CLANG_WARN_DIRECT_OBJC_ISA_USAGE = YES_ERROR;
				CLANG_WARN_DOCUMENTATION_COMMENTS = YES;
				CLANG_WARN_EMPTY_BODY = YES;
				CLANG_WARN_ENUM_CONVERSION = YES;
				CLANG_WARN_INFINITE_RECURSION = YES;
				CLANG_WARN_INT_CONVERSION = YES;
				CLANG_WARN_NON_LITERAL_NULL_CONVERSION = YES;
				CLANG_WARN_OBJC_IMPLICIT_RETAIN_SELF = YES;
				CLANG_WARN_OBJC_LITERAL_CONVERSION = YES;
				CLANG_WARN_OBJC_ROOT_CLASS = YES_ERROR;
				CLANG_WARN_QUOTED_INCLUDE_IN_FRAMEWORK_HEADER = YES;
				CLANG_WARN_RANGE_LOOP_ANALYSIS = YES;
				CLANG_WARN_STRICT_PROTOTYPES = YES;
				CLANG_WARN_SUSPICIOUS_MOVE = YES;
				CLANG_WARN_UNGUARDED_AVAILABILITY = YES_AGGRESSIVE;
				CLANG_WARN_UNREACHABLE_CODE = YES;
				CLANG_WARN__DUPLICATE_METHOD_MATCH = YES;
				COPY_PHASE_STRIP = NO;
				DEBUG_INFORMATION_FORMAT = "dwarf-with-dsym";
				ENABLE_NS_ASSERTIONS = NO;
				ENABLE_STRICT_OBJC_MSGSEND = YES;
				GCC_C_LANGUAGE_STANDARD = gnu11;
				GCC_NO_COMMON_BLOCKS = YES;
				GCC_WARN_64_TO_32_BIT_CONVERSION = YES;
				GCC_WARN_ABOUT_RETURN_TYPE = YES_ERROR;
				GCC_WARN_UNDECLARED_SELECTOR = YES;
				GCC_WARN_UNINITIALIZED_AUTOS = YES_AGGRESSIVE;
				GCC_WARN_UNUSED_FUNCTION = YES;
				GCC_WARN_UNUSED_VARIABLE = YES;
				IPHONEOS_DEPLOYMENT_TARGET = 15.4;
				MACOSX_DEPLOYMENT_TARGET = 12.3;
				MTL_ENABLE_DEBUG_INFO = NO;
				MTL_FAST_MATH = YES;
				SWIFT_COMPILATION_MODE = wholemodule;
				SWIFT_OPTIMIZATION_LEVEL = "-O";
			};
			name = Release;
		};
		90960E732814D64100538202 /* Debug */ = {
			isa = XCBuildConfiguration;
			buildSettings = {
				ASSETCATALOG_COMPILER_APPICON_NAME = AppIcon;
				ASSETCATALOG_COMPILER_GLOBAL_ACCENT_COLOR_NAME = AccentColor;
				CODE_SIGN_STYLE = Automatic;
				CURRENT_PROJECT_VERSION = 1;
				DEVELOPMENT_TEAM = 862P2X6G9G;
				ENABLE_PREVIEWS = YES;
				GENERATE_INFOPLIST_FILE = YES;
				INFOPLIST_KEY_UIApplicationSceneManifest_Generation = YES;
				INFOPLIST_KEY_UIApplicationSupportsIndirectInputEvents = YES;
				INFOPLIST_KEY_UILaunchScreen_Generation = YES;
				INFOPLIST_KEY_UISupportedInterfaceOrientations_iPad = "UIInterfaceOrientationPortrait UIInterfaceOrientationPortraitUpsideDown UIInterfaceOrientationLandscapeLeft UIInterfaceOrientationLandscapeRight";
				INFOPLIST_KEY_UISupportedInterfaceOrientations_iPhone = "UIInterfaceOrientationPortrait UIInterfaceOrientationLandscapeLeft UIInterfaceOrientationLandscapeRight";
				IPHONEOS_DEPLOYMENT_TARGET = 15.4;
				LD_RUNPATH_SEARCH_PATHS = (
					"$(inherited)",
					"@executable_path/Frameworks",
				);
				MARKETING_VERSION = 1.0;
				PRODUCT_BUNDLE_IDENTIFIER = me.jinwook.kim.CrowdFundingProductPage;
				PRODUCT_NAME = "Crowd Funding Product Page";
				SDKROOT = iphoneos;
				SWIFT_EMIT_LOC_STRINGS = YES;
				SWIFT_VERSION = 5.0;
				TARGETED_DEVICE_FAMILY = "1,2";
			};
			name = Debug;
		};
		90960E742814D64100538202 /* Release */ = {
			isa = XCBuildConfiguration;
			buildSettings = {
				ASSETCATALOG_COMPILER_APPICON_NAME = AppIcon;
				ASSETCATALOG_COMPILER_GLOBAL_ACCENT_COLOR_NAME = AccentColor;
				CODE_SIGN_STYLE = Automatic;
				CURRENT_PROJECT_VERSION = 1;
				DEVELOPMENT_TEAM = 862P2X6G9G;
				ENABLE_PREVIEWS = YES;
				GENERATE_INFOPLIST_FILE = YES;
				INFOPLIST_KEY_UIApplicationSceneManifest_Generation = YES;
				INFOPLIST_KEY_UIApplicationSupportsIndirectInputEvents = YES;
				INFOPLIST_KEY_UILaunchScreen_Generation = YES;
				INFOPLIST_KEY_UISupportedInterfaceOrientations_iPad = "UIInterfaceOrientationPortrait UIInterfaceOrientationPortraitUpsideDown UIInterfaceOrientationLandscapeLeft UIInterfaceOrientationLandscapeRight";
				INFOPLIST_KEY_UISupportedInterfaceOrientations_iPhone = "UIInterfaceOrientationPortrait UIInterfaceOrientationLandscapeLeft UIInterfaceOrientationLandscapeRight";
				IPHONEOS_DEPLOYMENT_TARGET = 15.4;
				LD_RUNPATH_SEARCH_PATHS = (
					"$(inherited)",
					"@executable_path/Frameworks",
				);
				MARKETING_VERSION = 1.0;
				PRODUCT_BUNDLE_IDENTIFIER = me.jinwook.kim.CrowdFundingProductPage;
				PRODUCT_NAME = "Crowd Funding Product Page";
				SDKROOT = iphoneos;
				SWIFT_EMIT_LOC_STRINGS = YES;
				SWIFT_VERSION = 5.0;
				TARGETED_DEVICE_FAMILY = "1,2";
				VALIDATE_PRODUCT = YES;
			};
			name = Release;
		};
		90960E762814D64100538202 /* Debug */ = {
			isa = XCBuildConfiguration;
			buildSettings = {
				ASSETCATALOG_COMPILER_APPICON_NAME = AppIcon;
				ASSETCATALOG_COMPILER_GLOBAL_ACCENT_COLOR_NAME = AccentColor;
				CODE_SIGN_ENTITLEMENTS = macOS/macOS.entitlements;
				CODE_SIGN_STYLE = Automatic;
				COMBINE_HIDPI_IMAGES = YES;
				CURRENT_PROJECT_VERSION = 1;
				DEVELOPMENT_TEAM = 862P2X6G9G;
				ENABLE_HARDENED_RUNTIME = YES;
				ENABLE_PREVIEWS = YES;
				GENERATE_INFOPLIST_FILE = YES;
				INFOPLIST_KEY_NSHumanReadableCopyright = "";
				LD_RUNPATH_SEARCH_PATHS = (
					"$(inherited)",
					"@executable_path/../Frameworks",
				);
				MACOSX_DEPLOYMENT_TARGET = 12.3;
				MARKETING_VERSION = 1.0;
				PRODUCT_BUNDLE_IDENTIFIER = me.jinwook.kim.CrowdFundingProductPage;
				PRODUCT_NAME = "Crowd Funding Product Page";
				SDKROOT = macosx;
				SWIFT_EMIT_LOC_STRINGS = YES;
				SWIFT_VERSION = 5.0;
			};
			name = Debug;
		};
		90960E772814D64100538202 /* Release */ = {
			isa = XCBuildConfiguration;
			buildSettings = {
				ASSETCATALOG_COMPILER_APPICON_NAME = AppIcon;
				ASSETCATALOG_COMPILER_GLOBAL_ACCENT_COLOR_NAME = AccentColor;
				CODE_SIGN_ENTITLEMENTS = macOS/macOS.entitlements;
				CODE_SIGN_STYLE = Automatic;
				COMBINE_HIDPI_IMAGES = YES;
				CURRENT_PROJECT_VERSION = 1;
				DEVELOPMENT_TEAM = 862P2X6G9G;
				ENABLE_HARDENED_RUNTIME = YES;
				ENABLE_PREVIEWS = YES;
				GENERATE_INFOPLIST_FILE = YES;
				INFOPLIST_KEY_NSHumanReadableCopyright = "";
				LD_RUNPATH_SEARCH_PATHS = (
					"$(inherited)",
					"@executable_path/../Frameworks",
				);
				MACOSX_DEPLOYMENT_TARGET = 12.3;
				MARKETING_VERSION = 1.0;
				PRODUCT_BUNDLE_IDENTIFIER = me.jinwook.kim.CrowdFundingProductPage;
				PRODUCT_NAME = "Crowd Funding Product Page";
				SDKROOT = macosx;
				SWIFT_EMIT_LOC_STRINGS = YES;
				SWIFT_VERSION = 5.0;
			};
			name = Release;
		};
/* End XCBuildConfiguration section */

/* Begin XCConfigurationList section */
		90960E582814D63F00538202 /* Build configuration list for PBXProject "Crowd Funding Product Page" */ = {
			isa = XCConfigurationList;
			buildConfigurations = (
				90960E702814D64100538202 /* Debug */,
				90960E712814D64100538202 /* Release */,
			);
			defaultConfigurationIsVisible = 0;
			defaultConfigurationName = Release;
		};
		90960E722814D64100538202 /* Build configuration list for PBXNativeTarget "Crowd Funding Product Page (iOS)" */ = {
			isa = XCConfigurationList;
			buildConfigurations = (
				90960E732814D64100538202 /* Debug */,
				90960E742814D64100538202 /* Release */,
			);
			defaultConfigurationIsVisible = 0;
			defaultConfigurationName = Release;
		};
		90960E752814D64100538202 /* Build configuration list for PBXNativeTarget "Crowd Funding Product Page (macOS)" */ = {
			isa = XCConfigurationList;
			buildConfigurations = (
				90960E762814D64100538202 /* Debug */,
				90960E772814D64100538202 /* Release */,
			);
			defaultConfigurationIsVisible = 0;
			defaultConfigurationName = Release;
		};
/* End XCConfigurationList section */
	};
	rootObject = 90960E552814D63F00538202 /* Project object */;
}
